{
  "name": "tugasakhir",
  "lockfileVersion": 2,
  "requires": true,
  "packages": {
    "": {
      "dependencies": {
        "@angular/cdk": "^13.3.4",
        "@angular/flex-layout": "^13.0.0-beta.38"
      }
    },
    "node_modules/@angular/cdk": {
      "version": "13.3.4",
      "resolved": "https://registry.npmjs.org/@angular/cdk/-/cdk-13.3.4.tgz",
      "integrity": "sha512-im4LKxJaIuqFVzmtf650PoiYsn/SZlvBV2zEgzusK8HwQ24C1Lya7NQSApwl8k43h4eKO1OvUKBjqL5uDgEQag==",
      "dependencies": {
        "tslib": "^2.3.0"
      },
      "optionalDependencies": {
        "parse5": "^5.0.0"
      },
      "peerDependencies": {
        "@angular/common": "^13.0.0 || ^14.0.0-0",
        "@angular/core": "^13.0.0 || ^14.0.0-0",
        "rxjs": "^6.5.3 || ^7.4.0"
      }
    },
    "node_modules/@angular/common": {
      "version": "13.3.4",
      "resolved": "https://registry.npmjs.org/@angular/common/-/common-13.3.4.tgz",
      "integrity": "sha512-vPZuUGWMXz6r30obBqH+iIG4Feq4YEK/4wUks7PEYGke8MXFPYsNKuHMhKCgYEhabD/4Mo4GEp3i18/3Kk72Mw==",
      "peer": true,
      "dependencies": {
        "tslib": "^2.3.0"
      },
      "engines": {
        "node": "^12.20.0 || ^14.15.0 || >=16.10.0"
      },
      "peerDependencies": {
        "@angular/core": "13.3.4",
        "rxjs": "^6.5.3 || ^7.4.0"
      }
    },
    "node_modules/@angular/core": {
      "version": "13.3.4",
      "resolved": "https://registry.npmjs.org/@angular/core/-/core-13.3.4.tgz",
      "integrity": "sha512-PqPwx9oaV0Bh0m0fdI2jtXUC6s04jfD4vyzB4sjEuRI9pRUnZ6M5hZ5Vn/KJVZyt411MevbJfqzUVf0W+GDZew==",
      "peer": true,
      "dependencies": {
        "tslib": "^2.3.0"
      },
      "engines": {
        "node": "^12.20.0 || ^14.15.0 || >=16.10.0"
      },
      "peerDependencies": {
        "rxjs": "^6.5.3 || ^7.4.0",
        "zone.js": "~0.11.4"
      }
    },
    "node_modules/@angular/flex-layout": {
      "version": "13.0.0-beta.38",
      "resolved": "https://registry.npmjs.org/@angular/flex-layout/-/flex-layout-13.0.0-beta.38.tgz",
      "integrity": "sha512-kcWb7CcoHbvw7fjo/knizWVmSSmvaTnr8v1ML6zOdxu1PK9UPPOcOS8RTm6fy61zoC2LABivP1/6Z2jF5XfpdQ==",
      "dependencies": {
        "tslib": "^2.3.0"
      },
      "peerDependencies": {
        "@angular/cdk": "^13.0.0",
        "@angular/common": "^13.0.0",
        "@angular/core": "^13.0.0",
        "@angular/platform-browser": "^13.0.0",
        "rxjs": "^6.5.3 || ^7.4.0"
      }
    },
    "node_modules/@angular/platform-browser": {
      "version": "13.3.4",
      "resolved": "https://registry.npmjs.org/@angular/platform-browser/-/platform-browser-13.3.4.tgz",
      "integrity": "sha512-IjBOkjrIVIbbZCDQJRdel0FSDcExSLDgMxcCSQ6pKa6oR/t59BJpSpOhB1W9nRwLtvMmGYkS/oyLFsKk65UoYA==",
      "peer": true,
      "dependencies": {
        "tslib": "^2.3.0"
      },
      "engines": {
        "node": "^12.20.0 || ^14.15.0 || >=16.10.0"
      },
      "peerDependencies": {
        "@angular/animations": "13.3.4",
        "@angular/common": "13.3.4",
        "@angular/core": "13.3.4"
      },
      "peerDependenciesMeta": {
        "@angular/animations": {
          "optional": true
        }
      }
    },
    "node_modules/parse5": {
      "version": "5.1.1",
      "resolved": "https://registry.npmjs.org/parse5/-/parse5-5.1.1.tgz",
      "integrity": "sha512-ugq4DFI0Ptb+WWjAdOK16+u/nHfiIrcE+sh8kZMaM0WllQKLI9rOUq6c2b7cwPkXdzfQESqvoqK6ug7U/Yyzug==",
      "optional": true
    },
    "node_modules/rxjs": {
      "version": "7.5.5",
      "resolved": "https://registry.npmjs.org/rxjs/-/rxjs-7.5.5.tgz",
      "integrity": "sha512-sy+H0pQofO95VDmFLzyaw9xNJU4KTRSwQIGM6+iG3SypAtCiLDzpeG8sJrNCWn2Up9km+KhkvTdbkrdy+yzZdw==",
      "peer": true,
      "dependencies": {
        "tslib": "^2.1.0"
      }
    },
    "node_modules/tslib": {
      "version": "2.4.0",
      "resolved": "https://registry.npmjs.org/tslib/-/tslib-2.4.0.tgz",
      "integrity": "sha512-d6xOpEDfsi2CZVlPQzGeux8XMwLT9hssAsaPYExaQMuYskwb+x1x7J371tWlbBdWHroy99KnVB6qIkUbs5X3UQ=="
    },
    "node_modules/zone.js": {
      "version": "0.11.5",
      "resolved": "https://registry.npmjs.org/zone.js/-/zone.js-0.11.5.tgz",
      "integrity": "sha512-D1/7VxEuQ7xk6z/kAROe4SUbd9CzxY4zOwVGnGHerd/SgLIVU5f4esDzQUsOCeArn933BZfWMKydH7l7dPEp0g==",
      "peer": true,
      "dependencies": {
        "tslib": "^2.3.0"
      }
    }
  },
  "dependencies": {
    "@angular/cdk": {
      "version": "13.3.4",
      "resolved": "https://registry.npmjs.org/@angular/cdk/-/cdk-13.3.4.tgz",
      "integrity": "sha512-im4LKxJaIuqFVzmtf650PoiYsn/SZlvBV2zEgzusK8HwQ24C1Lya7NQSApwl8k43h4eKO1OvUKBjqL5uDgEQag==",
      "requires": {
        "parse5": "^5.0.0",
        "tslib": "^2.3.0"
      }
    },
    "@angular/common": {
      "version": "13.3.4",
      "resolved": "https://registry.npmjs.org/@angular/common/-/common-13.3.4.tgz",
      "integrity": "sha512-vPZuUGWMXz6r30obBqH+iIG4Feq4YEK/4wUks7PEYGke8MXFPYsNKuHMhKCgYEhabD/4Mo4GEp3i18/3Kk72Mw==",
      "peer": true,
      "requires": {
        "tslib": "^2.3.0"
      }
    },
    "@angular/core": {
      "version": "13.3.4",
      "resolved": "https://registry.npmjs.org/@angular/core/-/core-13.3.4.tgz",
      "integrity": "sha512-PqPwx9oaV0Bh0m0fdI2jtXUC6s04jfD4vyzB4sjEuRI9pRUnZ6M5hZ5Vn/KJVZyt411MevbJfqzUVf0W+GDZew==",
      "peer": true,
      "requires": {
        "tslib": "^2.3.0"
      }
    },
    "@angular/flex-layout": {
      "version": "13.0.0-beta.38",
      "resolved": "https://registry.npmjs.org/@angular/flex-layout/-/flex-layout-13.0.0-beta.38.tgz",
      "integrity": "sha512-kcWb7CcoHbvw7fjo/knizWVmSSmvaTnr8v1ML6zOdxu1PK9UPPOcOS8RTm6fy61zoC2LABivP1/6Z2jF5XfpdQ==",
      "requires": {
        "tslib": "^2.3.0"
      }
    },
    "@angular/platform-browser": {
      "version": "13.3.4",
      "resolved": "https://registry.npmjs.org/@angular/platform-browser/-/platform-browser-13.3.4.tgz",
      "integrity": "sha512-IjBOkjrIVIbbZCDQJRdel0FSDcExSLDgMxcCSQ6pKa6oR/t59BJpSpOhB1W9nRwLtvMmGYkS/oyLFsKk65UoYA==",
      "peer": true,
      "requires": {
        "tslib": "^2.3.0"
      }
    },
    "parse5": {
      "version": "5.1.1",
      "resolved": "https://registry.npmjs.org/parse5/-/parse5-5.1.1.tgz",
      "integrity": "sha512-ugq4DFI0Ptb+WWjAdOK16+u/nHfiIrcE+sh8kZMaM0WllQKLI9rOUq6c2b7cwPkXdzfQESqvoqK6ug7U/Yyzug==",
      "optional": true
    },
    "rxjs": {
      "version": "7.5.5",
      "resolved": "https://registry.npmjs.org/rxjs/-/rxjs-7.5.5.tgz",
      "integrity": "sha512-sy+H0pQofO95VDmFLzyaw9xNJU4KTRSwQIGM6+iG3SypAtCiLDzpeG8sJrNCWn2Up9km+KhkvTdbkrdy+yzZdw==",
      "peer": true,
      "requires": {
        "tslib": "^2.1.0"
      }
    },
    "tslib": {
      "version": "2.4.0",
      "resolved": "https://registry.npmjs.org/tslib/-/tslib-2.4.0.tgz",
      "integrity": "sha512-d6xOpEDfsi2CZVlPQzGeux8XMwLT9hssAsaPYExaQMuYskwb+x1x7J371tWlbBdWHroy99KnVB6qIkUbs5X3UQ=="
    },
    "zone.js": {
      "version": "0.11.5",
      "resolved": "https://registry.npmjs.org/zone.js/-/zone.js-0.11.5.tgz",
      "integrity": "sha512-D1/7VxEuQ7xk6z/kAROe4SUbd9CzxY4zOwVGnGHerd/SgLIVU5f4esDzQUsOCeArn933BZfWMKydH7l7dPEp0g==",
      "peer": true,
      "requires": {
        "tslib": "^2.3.0"
      }
    }
  }
}
