{
  "name": "tugasakhir",
  "lockfileVersion": 2,
  "requires": true,
  "packages": {
    "": {
      "name": "tugasakhir",
      "dependencies": {
        "@angular/cdk": "^13.3.4",
        "@angular/flex-layout": "^13.0.0-beta.38",
        "@angular/material-moment-adapter": "^13.3.7"
      }
    },
    "node_modules/@angular/animations": {
      "version": "13.3.9",
      "resolved": "https://registry.npmjs.org/@angular/animations/-/animations-13.3.9.tgz",
      "integrity": "sha512-PIspkNm1r7Uq1F3/c24mTQjCbKvl84Iy5kRmKOtjxp9uBGg1Dy+akw29hJt2FAqKa5yKFustBFCgWKypqgSoUQ==",
      "peer": true,
      "dependencies": {
        "tslib": "^2.3.0"
      },
      "engines": {
        "node": "^12.20.0 || ^14.15.0 || >=16.10.0"
      },
      "peerDependencies": {
        "@angular/core": "13.3.9"
      }
    },
    "node_modules/@angular/cdk": {
      "version": "13.3.7",
      "resolved": "https://registry.npmjs.org/@angular/cdk/-/cdk-13.3.7.tgz",
      "integrity": "sha512-HtGqlrt4+ikbpzooF0LT/uMW6fgRJxLRUoOwkTY1oHhfNXhQaE2p8XEUH2qshl28aCIF8r8zrb6jpd4VqC+tyg==",
      "dependencies": {
        "tslib": "^2.3.0"
      },
      "optionalDependencies": {
        "parse5": "^5.0.0"
      },
      "peerDependencies": {
        "@angular/common": "^13.0.0 || ^14.0.0-0",
        "@angular/core": "^13.0.0 || ^14.0.0-0",
        "rxjs": "^6.5.3 || ^7.4.0"
      }
    },
    "node_modules/@angular/common": {
      "version": "13.3.9",
      "resolved": "https://registry.npmjs.org/@angular/common/-/common-13.3.9.tgz",
      "integrity": "sha512-+bTleNL1XGlzuxLbVbsol82/33IW2pJasQN8ViraxKIElT2F8ooBJevIBMCSIcdvxvMBGAjn4ayQJr6tkPqPaw==",
      "peer": true,
      "dependencies": {
        "tslib": "^2.3.0"
      },
      "engines": {
        "node": "^12.20.0 || ^14.15.0 || >=16.10.0"
      },
      "peerDependencies": {
        "@angular/core": "13.3.9",
        "rxjs": "^6.5.3 || ^7.4.0"
      }
    },
    "node_modules/@angular/core": {
      "version": "13.3.9",
      "resolved": "https://registry.npmjs.org/@angular/core/-/core-13.3.9.tgz",
      "integrity": "sha512-LaY3yBDgN/efG11x/cwVeuC4gUG3YUMmk/sgAP3L1VGawYOiKoJ76decFpy6y4UgYPShQQRzpZQEVXF405jrLg==",
      "peer": true,
      "dependencies": {
        "tslib": "^2.3.0"
      },
      "engines": {
        "node": "^12.20.0 || ^14.15.0 || >=16.10.0"
      },
      "peerDependencies": {
        "rxjs": "^6.5.3 || ^7.4.0",
        "zone.js": "~0.11.4"
      }
    },
    "node_modules/@angular/flex-layout": {
      "version": "13.0.0-beta.38",
      "resolved": "https://registry.npmjs.org/@angular/flex-layout/-/flex-layout-13.0.0-beta.38.tgz",
      "integrity": "sha512-kcWb7CcoHbvw7fjo/knizWVmSSmvaTnr8v1ML6zOdxu1PK9UPPOcOS8RTm6fy61zoC2LABivP1/6Z2jF5XfpdQ==",
      "dependencies": {
        "tslib": "^2.3.0"
      },
      "peerDependencies": {
        "@angular/cdk": "^13.0.0",
        "@angular/common": "^13.0.0",
        "@angular/core": "^13.0.0",
        "@angular/platform-browser": "^13.0.0",
        "rxjs": "^6.5.3 || ^7.4.0"
      }
    },
    "node_modules/@angular/forms": {
      "version": "13.3.9",
      "resolved": "https://registry.npmjs.org/@angular/forms/-/forms-13.3.9.tgz",
      "integrity": "sha512-eNOsqMVrMsBceoAJ9pS+2qQDWsgwt62q7abqfYdzSdkjWbnLrtaIPP6iYMGQke1pIcdUSyoun29VsdQTSXXksg==",
      "peer": true,
      "dependencies": {
        "tslib": "^2.3.0"
      },
      "engines": {
        "node": "^12.20.0 || ^14.15.0 || >=16.10.0"
      },
      "peerDependencies": {
        "@angular/common": "13.3.9",
        "@angular/core": "13.3.9",
        "@angular/platform-browser": "13.3.9",
        "rxjs": "^6.5.3 || ^7.4.0"
      }
    },
    "node_modules/@angular/material": {
      "version": "13.3.7",
      "resolved": "https://registry.npmjs.org/@angular/material/-/material-13.3.7.tgz",
      "integrity": "sha512-CXdLvohaxl3Nii6I70pEJX2FZRRkBPNiocUNP39hFHXf2PW/eNYCN8TS5DG2uOAaR2wyPwrXrU95mDjgvlqXqQ==",
      "peer": true,
      "dependencies": {
        "tslib": "^2.3.0"
      },
      "peerDependencies": {
        "@angular/animations": "^13.0.0 || ^14.0.0-0",
        "@angular/cdk": "13.3.7",
        "@angular/common": "^13.0.0 || ^14.0.0-0",
        "@angular/core": "^13.0.0 || ^14.0.0-0",
        "@angular/forms": "^13.0.0 || ^14.0.0-0",
        "@angular/platform-browser": "^13.0.0 || ^14.0.0-0",
        "rxjs": "^6.5.3 || ^7.4.0"
      }
    },
    "node_modules/@angular/material-moment-adapter": {
      "version": "13.3.7",
      "resolved": "https://registry.npmjs.org/@angular/material-moment-adapter/-/material-moment-adapter-13.3.7.tgz",
      "integrity": "sha512-drz2wIYf55pXrpk70dKMifB/paolsLpi6AOFWMmKgws3Yk+eZPevo55di1Adloc3zPgDarSVFgHlxUHOJT8qcQ==",
      "dependencies": {
        "tslib": "^2.3.0"
      },
      "peerDependencies": {
        "@angular/core": "^13.0.0 || ^14.0.0-0",
        "@angular/material": "13.3.7",
        "moment": "^2.18.1"
      }
    },
    "node_modules/@angular/platform-browser": {
      "version": "13.3.9",
      "resolved": "https://registry.npmjs.org/@angular/platform-browser/-/platform-browser-13.3.9.tgz",
      "integrity": "sha512-1l0IVYFbKCEfACR60bfLjH35BYP69CerIW9Ok58pedp0MIUsvPttBzUjM5HhW+3jhvNyO0cCMaK4r5kKTRMo4w==",
      "peer": true,
      "dependencies": {
        "tslib": "^2.3.0"
      },
      "engines": {
        "node": "^12.20.0 || ^14.15.0 || >=16.10.0"
      },
      "peerDependencies": {
        "@angular/animations": "13.3.9",
        "@angular/common": "13.3.9",
        "@angular/core": "13.3.9"
      },
      "peerDependenciesMeta": {
        "@angular/animations": {
          "optional": true
        }
      }
    },
    "node_modules/moment": {
      "version": "2.29.4",
      "resolved": "https://registry.npmjs.org/moment/-/moment-2.29.4.tgz",
      "integrity": "sha512-5LC9SOxjSc2HF6vO2CyuTDNivEdoz2IvyJJGj6X8DJ0eFyfszE0QiEd+iXmBvUP3WHxSjFH/vIsA0EN00cgr8w==",
      "peer": true,
      "engines": {
        "node": "*"
      }
    },
    "node_modules/parse5": {
      "version": "5.1.1",
      "resolved": "https://registry.npmjs.org/parse5/-/parse5-5.1.1.tgz",
      "integrity": "sha512-ugq4DFI0Ptb+WWjAdOK16+u/nHfiIrcE+sh8kZMaM0WllQKLI9rOUq6c2b7cwPkXdzfQESqvoqK6ug7U/Yyzug==",
      "optional": true
    },
    "node_modules/rxjs": {
      "version": "7.5.5",
      "resolved": "https://registry.npmjs.org/rxjs/-/rxjs-7.5.5.tgz",
      "integrity": "sha512-sy+H0pQofO95VDmFLzyaw9xNJU4KTRSwQIGM6+iG3SypAtCiLDzpeG8sJrNCWn2Up9km+KhkvTdbkrdy+yzZdw==",
      "peer": true,
      "dependencies": {
        "tslib": "^2.1.0"
      }
    },
    "node_modules/tslib": {
      "version": "2.4.0",
      "resolved": "https://registry.npmjs.org/tslib/-/tslib-2.4.0.tgz",
      "integrity": "sha512-d6xOpEDfsi2CZVlPQzGeux8XMwLT9hssAsaPYExaQMuYskwb+x1x7J371tWlbBdWHroy99KnVB6qIkUbs5X3UQ=="
    },
    "node_modules/zone.js": {
      "version": "0.11.5",
      "resolved": "https://registry.npmjs.org/zone.js/-/zone.js-0.11.5.tgz",
      "integrity": "sha512-D1/7VxEuQ7xk6z/kAROe4SUbd9CzxY4zOwVGnGHerd/SgLIVU5f4esDzQUsOCeArn933BZfWMKydH7l7dPEp0g==",
      "peer": true,
      "dependencies": {
        "tslib": "^2.3.0"
      }
    }
  },
  "dependencies": {
    "@angular/animations": {
      "version": "13.3.9",
      "resolved": "https://registry.npmjs.org/@angular/animations/-/animations-13.3.9.tgz",
      "integrity": "sha512-PIspkNm1r7Uq1F3/c24mTQjCbKvl84Iy5kRmKOtjxp9uBGg1Dy+akw29hJt2FAqKa5yKFustBFCgWKypqgSoUQ==",
      "peer": true,
      "requires": {
        "tslib": "^2.3.0"
      }
    },
    "@angular/cdk": {
      "version": "13.3.7",
      "resolved": "https://registry.npmjs.org/@angular/cdk/-/cdk-13.3.7.tgz",
      "integrity": "sha512-HtGqlrt4+ikbpzooF0LT/uMW6fgRJxLRUoOwkTY1oHhfNXhQaE2p8XEUH2qshl28aCIF8r8zrb6jpd4VqC+tyg==",
      "requires": {
        "parse5": "^5.0.0",
        "tslib": "^2.3.0"
      }
    },
    "@angular/common": {
      "version": "13.3.9",
      "resolved": "https://registry.npmjs.org/@angular/common/-/common-13.3.9.tgz",
      "integrity": "sha512-+bTleNL1XGlzuxLbVbsol82/33IW2pJasQN8ViraxKIElT2F8ooBJevIBMCSIcdvxvMBGAjn4ayQJr6tkPqPaw==",
      "peer": true,
      "requires": {
        "tslib": "^2.3.0"
      }
    },
    "@angular/core": {
      "version": "13.3.9",
      "resolved": "https://registry.npmjs.org/@angular/core/-/core-13.3.9.tgz",
      "integrity": "sha512-LaY3yBDgN/efG11x/cwVeuC4gUG3YUMmk/sgAP3L1VGawYOiKoJ76decFpy6y4UgYPShQQRzpZQEVXF405jrLg==",
      "peer": true,
      "requires": {
        "tslib": "^2.3.0"
      }
    },
    "@angular/flex-layout": {
      "version": "13.0.0-beta.38",
      "resolved": "https://registry.npmjs.org/@angular/flex-layout/-/flex-layout-13.0.0-beta.38.tgz",
      "integrity": "sha512-kcWb7CcoHbvw7fjo/knizWVmSSmvaTnr8v1ML6zOdxu1PK9UPPOcOS8RTm6fy61zoC2LABivP1/6Z2jF5XfpdQ==",
      "requires": {
        "tslib": "^2.3.0"
      }
    },
    "@angular/forms": {
      "version": "13.3.9",
      "resolved": "https://registry.npmjs.org/@angular/forms/-/forms-13.3.9.tgz",
      "integrity": "sha512-eNOsqMVrMsBceoAJ9pS+2qQDWsgwt62q7abqfYdzSdkjWbnLrtaIPP6iYMGQke1pIcdUSyoun29VsdQTSXXksg==",
      "peer": true,
      "requires": {
        "tslib": "^2.3.0"
      }
    },
    "@angular/material": {
      "version": "13.3.7",
      "resolved": "https://registry.npmjs.org/@angular/material/-/material-13.3.7.tgz",
      "integrity": "sha512-CXdLvohaxl3Nii6I70pEJX2FZRRkBPNiocUNP39hFHXf2PW/eNYCN8TS5DG2uOAaR2wyPwrXrU95mDjgvlqXqQ==",
      "peer": true,
      "requires": {
        "tslib": "^2.3.0"
      }
    },
    "@angular/material-moment-adapter": {
      "version": "13.3.7",
      "resolved": "https://registry.npmjs.org/@angular/material-moment-adapter/-/material-moment-adapter-13.3.7.tgz",
      "integrity": "sha512-drz2wIYf55pXrpk70dKMifB/paolsLpi6AOFWMmKgws3Yk+eZPevo55di1Adloc3zPgDarSVFgHlxUHOJT8qcQ==",
      "requires": {
        "tslib": "^2.3.0"
      }
    },
    "@angular/platform-browser": {
      "version": "13.3.9",
      "resolved": "https://registry.npmjs.org/@angular/platform-browser/-/platform-browser-13.3.9.tgz",
      "integrity": "sha512-1l0IVYFbKCEfACR60bfLjH35BYP69CerIW9Ok58pedp0MIUsvPttBzUjM5HhW+3jhvNyO0cCMaK4r5kKTRMo4w==",
      "peer": true,
      "requires": {
        "tslib": "^2.3.0"
      }
    },
    "moment": {
      "version": "2.29.4",
      "resolved": "https://registry.npmjs.org/moment/-/moment-2.29.4.tgz",
      "integrity": "sha512-5LC9SOxjSc2HF6vO2CyuTDNivEdoz2IvyJJGj6X8DJ0eFyfszE0QiEd+iXmBvUP3WHxSjFH/vIsA0EN00cgr8w==",
      "peer": true
    },
    "parse5": {
      "version": "5.1.1",
      "resolved": "https://registry.npmjs.org/parse5/-/parse5-5.1.1.tgz",
      "integrity": "sha512-ugq4DFI0Ptb+WWjAdOK16+u/nHfiIrcE+sh8kZMaM0WllQKLI9rOUq6c2b7cwPkXdzfQESqvoqK6ug7U/Yyzug==",
      "optional": true
    },
    "rxjs": {
      "version": "7.5.5",
      "resolved": "https://registry.npmjs.org/rxjs/-/rxjs-7.5.5.tgz",
      "integrity": "sha512-sy+H0pQofO95VDmFLzyaw9xNJU4KTRSwQIGM6+iG3SypAtCiLDzpeG8sJrNCWn2Up9km+KhkvTdbkrdy+yzZdw==",
      "peer": true,
      "requires": {
        "tslib": "^2.1.0"
      }
    },
    "tslib": {
      "version": "2.4.0",
      "resolved": "https://registry.npmjs.org/tslib/-/tslib-2.4.0.tgz",
      "integrity": "sha512-d6xOpEDfsi2CZVlPQzGeux8XMwLT9hssAsaPYExaQMuYskwb+x1x7J371tWlbBdWHroy99KnVB6qIkUbs5X3UQ=="
    },
    "zone.js": {
      "version": "0.11.5",
      "resolved": "https://registry.npmjs.org/zone.js/-/zone.js-0.11.5.tgz",
      "integrity": "sha512-D1/7VxEuQ7xk6z/kAROe4SUbd9CzxY4zOwVGnGHerd/SgLIVU5f4esDzQUsOCeArn933BZfWMKydH7l7dPEp0g==",
      "peer": true,
      "requires": {
        "tslib": "^2.3.0"
      }
    }
  }
}
